
Microsoft Visual Studio Solution File, Format Version 11.00
# Visual Studio 2010
Project("{FAE04EC0-301F-11D3-BF4B-00C04F79EFBC}") = "Assembly-CSharp", "Assembly-CSharp.csproj", "{1a658182-7d37-7d35-ba93-e68027c5c0fe}"
EndProject
Project("{FAE04EC0-301F-11D3-BF4B-00C04F79EFBC}") = "Assembly-CSharp-Editor", "Assembly-CSharp-Editor.csproj", "{7d09dc7e-3210-9dc3-96f1-40521cc7241f}"
EndProject
Global
	GlobalSection(SolutionConfigurationPlatforms) = preSolution
		Debug|Any CPU = Debug|Any CPU
		Release|Any CPU = Release|Any CPU
	EndGlobalSection
	GlobalSection(ProjectConfigurationPlatforms) = postSolution
		{1a658182-7d37-7d35-ba93-e68027c5c0fe}.Debug|Any CPU.ActiveCfg = Debug|Any CPU
		{1a658182-7d37-7d35-ba93-e68027c5c0fe}.Debug|Any CPU.Build.0 = Debug|Any CPU
		{1a658182-7d37-7d35-ba93-e68027c5c0fe}.Release|Any CPU.ActiveCfg = Release|Any CPU
		{1a658182-7d37-7d35-ba93-e68027c5c0fe}.Release|Any CPU.Build.0 = Release|Any CPU
		{7d09dc7e-3210-9dc3-96f1-40521cc7241f}.Debug|Any CPU.ActiveCfg = Debug|Any CPU
		{7d09dc7e-3210-9dc3-96f1-40521cc7241f}.Debug|Any CPU.Build.0 = Debug|Any CPU
		{7d09dc7e-3210-9dc3-96f1-40521cc7241f}.Release|Any CPU.ActiveCfg = Release|Any CPU
		{7d09dc7e-3210-9dc3-96f1-40521cc7241f}.Release|Any CPU.Build.0 = Release|Any CPU
	EndGlobalSection
	GlobalSection(SolutionProperties) = preSolution
		HideSolutionNode = FALSE
	EndGlobalSection
EndGlobal
